
Microsoft Visual Studio Solution File, Format Version 12.00
Project("{2150E333-8FDC-42A3-9474-1A3956D46DE8}") = "MegaWish.Services", "MegaWish.Services", "{3D7F3A76-16AC-44AC-B417-F61B9C2D414C}"
EndProject
Project("{2150E333-8FDC-42A3-9474-1A3956D46DE8}") = "src", "src", "{EFEC956B-5FF7-4777-AAD6-A85E0956FB6E}"
EndProject
Project("{2150E333-8FDC-42A3-9474-1A3956D46DE8}") = "tests", "tests", "{8133A0B1-3C8B-4E8A-B5AB-D0D65F72ACC6}"
EndProject
Project("{FAE04EC0-301F-11D3-BF4B-00C04F79EFBC}") = "Services.Presentation", "Services.Presentation\Services.Presentation.csproj", "{8C4EFB88-1F0D-4D30-BF53-5E085B319FE8}"
EndProject
Project("{FAE04EC0-301F-11D3-BF4B-00C04F79EFBC}") = "Services.Application", "Services.Application\Services.Application.csproj", "{45977CBD-9542-4073-B3D6-1F403D362569}"
EndProject
Project("{FAE04EC0-301F-11D3-BF4B-00C04F79EFBC}") = "Services.Domain", "Services.Domain\Services.Domain.csproj", "{FADFF876-721F-438E-B620-B46A15B88810}"
EndProject
Project("{FAE04EC0-301F-11D3-BF4B-00C04F79EFBC}") = "Services.Infra.Service", "Services.Infra.Service\Services.Infra.Service.csproj", "{B722C110-3A1F-46A9-B37E-987E6FF90A33}"
EndProject
Project("{FAE04EC0-301F-11D3-BF4B-00C04F79EFBC}") = "Services.UnitTests", "Services.UnitTests\Services.UnitTests.csproj", "{8D4D7F1F-D4C2-4D96-A431-18FD30580935}"
EndProject
Project("{FAE04EC0-301F-11D3-BF4B-00C04F79EFBC}") = "Services.IntegrationTests", "Services.IntegrationTests\Services.IntegrationTests.csproj", "{CCBFB3DB-224A-4625-B04E-2154A1538A82}"
EndProject
Project("{2150E333-8FDC-42A3-9474-1A3956D46DE8}") = "MegaWish.User", "MegaWish.User", "{FAE4B52E-44C9-4579-9349-1ACD29F28AB0}"
EndProject
Project("{2150E333-8FDC-42A3-9474-1A3956D46DE8}") = "src", "src", "{D9611816-7F47-4FBE-B81B-813B263F4A9C}"
EndProject
Project("{2150E333-8FDC-42A3-9474-1A3956D46DE8}") = "tests", "tests", "{E88B3DE0-841F-4B51-BF64-1EB3429A41C3}"
EndProject
Project("{FAE04EC0-301F-11D3-BF4B-00C04F79EFBC}") = "User.Application", "User.Application\User.Application.csproj", "{A391037E-2E9A-4525-8D03-B7678ED3B38F}"
EndProject
Project("{FAE04EC0-301F-11D3-BF4B-00C04F79EFBC}") = "User.Infra.Service", "User.Infra.Service\User.Infra.Service.csproj", "{03C0FB8F-756D-4F66-91A2-AC5CD72F030D}"
EndProject
Project("{FAE04EC0-301F-11D3-BF4B-00C04F79EFBC}") = "User.Domain", "User.Domain\User.Domain.csproj", "{87C2A0A1-EAAB-4D6E-B81A-2396FB010E44}"
EndProject
Project("{FAE04EC0-301F-11D3-BF4B-00C04F79EFBC}") = "User.Presentation", "User.Presentation\User.Presentation.csproj", "{40C6E224-53F8-487D-8FAC-BD0097D7F980}"
EndProject
Project("{FAE04EC0-301F-11D3-BF4B-00C04F79EFBC}") = "User.UnitTests", "User.UnitTests\User.UnitTests.csproj", "{87B8C3C5-609F-46AC-9983-D1AF0CFB6014}"
EndProject
Project("{FAE04EC0-301F-11D3-BF4B-00C04F79EFBC}") = "User.IntegrationTests", "User.IntegrationTests\User.IntegrationTests.csproj", "{51A13B90-177E-455C-B8C4-5F0A8F551CEE}"
EndProject
Project("{FAE04EC0-301F-11D3-BF4B-00C04F79EFBC}") = "User.Infra.Data", "User.Infra.Data\User.Infra.Data.csproj", "{160629D0-863A-4271-AB4C-F49A42B2D303}"
EndProject
Global
	GlobalSection(SolutionConfigurationPlatforms) = preSolution
		Debug|Any CPU = Debug|Any CPU
		Release|Any CPU = Release|Any CPU
	EndGlobalSection
	GlobalSection(ProjectConfigurationPlatforms) = postSolution
		{8C4EFB88-1F0D-4D30-BF53-5E085B319FE8}.Debug|Any CPU.ActiveCfg = Debug|Any CPU
		{8C4EFB88-1F0D-4D30-BF53-5E085B319FE8}.Debug|Any CPU.Build.0 = Debug|Any CPU
		{8C4EFB88-1F0D-4D30-BF53-5E085B319FE8}.Release|Any CPU.ActiveCfg = Release|Any CPU
		{8C4EFB88-1F0D-4D30-BF53-5E085B319FE8}.Release|Any CPU.Build.0 = Release|Any CPU
		{45977CBD-9542-4073-B3D6-1F403D362569}.Debug|Any CPU.ActiveCfg = Debug|Any CPU
		{45977CBD-9542-4073-B3D6-1F403D362569}.Debug|Any CPU.Build.0 = Debug|Any CPU
		{45977CBD-9542-4073-B3D6-1F403D362569}.Release|Any CPU.ActiveCfg = Release|Any CPU
		{45977CBD-9542-4073-B3D6-1F403D362569}.Release|Any CPU.Build.0 = Release|Any CPU
		{FADFF876-721F-438E-B620-B46A15B88810}.Debug|Any CPU.ActiveCfg = Debug|Any CPU
		{FADFF876-721F-438E-B620-B46A15B88810}.Debug|Any CPU.Build.0 = Debug|Any CPU
		{FADFF876-721F-438E-B620-B46A15B88810}.Release|Any CPU.ActiveCfg = Release|Any CPU
		{FADFF876-721F-438E-B620-B46A15B88810}.Release|Any CPU.Build.0 = Release|Any CPU
		{B722C110-3A1F-46A9-B37E-987E6FF90A33}.Debug|Any CPU.ActiveCfg = Debug|Any CPU
		{B722C110-3A1F-46A9-B37E-987E6FF90A33}.Debug|Any CPU.Build.0 = Debug|Any CPU
		{B722C110-3A1F-46A9-B37E-987E6FF90A33}.Release|Any CPU.ActiveCfg = Release|Any CPU
		{B722C110-3A1F-46A9-B37E-987E6FF90A33}.Release|Any CPU.Build.0 = Release|Any CPU
		{8D4D7F1F-D4C2-4D96-A431-18FD30580935}.Debug|Any CPU.ActiveCfg = Debug|Any CPU
		{8D4D7F1F-D4C2-4D96-A431-18FD30580935}.Debug|Any CPU.Build.0 = Debug|Any CPU
		{8D4D7F1F-D4C2-4D96-A431-18FD30580935}.Release|Any CPU.ActiveCfg = Release|Any CPU
		{8D4D7F1F-D4C2-4D96-A431-18FD30580935}.Release|Any CPU.Build.0 = Release|Any CPU
		{CCBFB3DB-224A-4625-B04E-2154A1538A82}.Debug|Any CPU.ActiveCfg = Debug|Any CPU
		{CCBFB3DB-224A-4625-B04E-2154A1538A82}.Debug|Any CPU.Build.0 = Debug|Any CPU
		{CCBFB3DB-224A-4625-B04E-2154A1538A82}.Release|Any CPU.ActiveCfg = Release|Any CPU
		{CCBFB3DB-224A-4625-B04E-2154A1538A82}.Release|Any CPU.Build.0 = Release|Any CPU
		{A391037E-2E9A-4525-8D03-B7678ED3B38F}.Debug|Any CPU.ActiveCfg = Debug|Any CPU
		{A391037E-2E9A-4525-8D03-B7678ED3B38F}.Debug|Any CPU.Build.0 = Debug|Any CPU
		{A391037E-2E9A-4525-8D03-B7678ED3B38F}.Release|Any CPU.ActiveCfg = Release|Any CPU
		{A391037E-2E9A-4525-8D03-B7678ED3B38F}.Release|Any CPU.Build.0 = Release|Any CPU
		{03C0FB8F-756D-4F66-91A2-AC5CD72F030D}.Debug|Any CPU.ActiveCfg = Debug|Any CPU
		{03C0FB8F-756D-4F66-91A2-AC5CD72F030D}.Debug|Any CPU.Build.0 = Debug|Any CPU
		{03C0FB8F-756D-4F66-91A2-AC5CD72F030D}.Release|Any CPU.ActiveCfg = Release|Any CPU
		{03C0FB8F-756D-4F66-91A2-AC5CD72F030D}.Release|Any CPU.Build.0 = Release|Any CPU
		{87C2A0A1-EAAB-4D6E-B81A-2396FB010E44}.Debug|Any CPU.ActiveCfg = Debug|Any CPU
		{87C2A0A1-EAAB-4D6E-B81A-2396FB010E44}.Debug|Any CPU.Build.0 = Debug|Any CPU
		{87C2A0A1-EAAB-4D6E-B81A-2396FB010E44}.Release|Any CPU.ActiveCfg = Release|Any CPU
		{87C2A0A1-EAAB-4D6E-B81A-2396FB010E44}.Release|Any CPU.Build.0 = Release|Any CPU
		{40C6E224-53F8-487D-8FAC-BD0097D7F980}.Debug|Any CPU.ActiveCfg = Debug|Any CPU
		{40C6E224-53F8-487D-8FAC-BD0097D7F980}.Debug|Any CPU.Build.0 = Debug|Any CPU
		{40C6E224-53F8-487D-8FAC-BD0097D7F980}.Release|Any CPU.ActiveCfg = Release|Any CPU
		{40C6E224-53F8-487D-8FAC-BD0097D7F980}.Release|Any CPU.Build.0 = Release|Any CPU
		{87B8C3C5-609F-46AC-9983-D1AF0CFB6014}.Debug|Any CPU.ActiveCfg = Debug|Any CPU
		{87B8C3C5-609F-46AC-9983-D1AF0CFB6014}.Debug|Any CPU.Build.0 = Debug|Any CPU
		{87B8C3C5-609F-46AC-9983-D1AF0CFB6014}.Release|Any CPU.ActiveCfg = Release|Any CPU
		{87B8C3C5-609F-46AC-9983-D1AF0CFB6014}.Release|Any CPU.Build.0 = Release|Any CPU
		{51A13B90-177E-455C-B8C4-5F0A8F551CEE}.Debug|Any CPU.ActiveCfg = Debug|Any CPU
		{51A13B90-177E-455C-B8C4-5F0A8F551CEE}.Debug|Any CPU.Build.0 = Debug|Any CPU
		{51A13B90-177E-455C-B8C4-5F0A8F551CEE}.Release|Any CPU.ActiveCfg = Release|Any CPU
		{51A13B90-177E-455C-B8C4-5F0A8F551CEE}.Release|Any CPU.Build.0 = Release|Any CPU
		{160629D0-863A-4271-AB4C-F49A42B2D303}.Debug|Any CPU.ActiveCfg = Debug|Any CPU
		{160629D0-863A-4271-AB4C-F49A42B2D303}.Debug|Any CPU.Build.0 = Debug|Any CPU
		{160629D0-863A-4271-AB4C-F49A42B2D303}.Release|Any CPU.ActiveCfg = Release|Any CPU
		{160629D0-863A-4271-AB4C-F49A42B2D303}.Release|Any CPU.Build.0 = Release|Any CPU
	EndGlobalSection
	GlobalSection(NestedProjects) = preSolution
		{EFEC956B-5FF7-4777-AAD6-A85E0956FB6E} = {3D7F3A76-16AC-44AC-B417-F61B9C2D414C}
		{8133A0B1-3C8B-4E8A-B5AB-D0D65F72ACC6} = {3D7F3A76-16AC-44AC-B417-F61B9C2D414C}
		{8C4EFB88-1F0D-4D30-BF53-5E085B319FE8} = {EFEC956B-5FF7-4777-AAD6-A85E0956FB6E}
		{45977CBD-9542-4073-B3D6-1F403D362569} = {EFEC956B-5FF7-4777-AAD6-A85E0956FB6E}
		{FADFF876-721F-438E-B620-B46A15B88810} = {EFEC956B-5FF7-4777-AAD6-A85E0956FB6E}
		{B722C110-3A1F-46A9-B37E-987E6FF90A33} = {EFEC956B-5FF7-4777-AAD6-A85E0956FB6E}
		{8D4D7F1F-D4C2-4D96-A431-18FD30580935} = {8133A0B1-3C8B-4E8A-B5AB-D0D65F72ACC6}
		{CCBFB3DB-224A-4625-B04E-2154A1538A82} = {8133A0B1-3C8B-4E8A-B5AB-D0D65F72ACC6}
		{D9611816-7F47-4FBE-B81B-813B263F4A9C} = {FAE4B52E-44C9-4579-9349-1ACD29F28AB0}
		{E88B3DE0-841F-4B51-BF64-1EB3429A41C3} = {FAE4B52E-44C9-4579-9349-1ACD29F28AB0}
		{A391037E-2E9A-4525-8D03-B7678ED3B38F} = {D9611816-7F47-4FBE-B81B-813B263F4A9C}
		{03C0FB8F-756D-4F66-91A2-AC5CD72F030D} = {D9611816-7F47-4FBE-B81B-813B263F4A9C}
		{87C2A0A1-EAAB-4D6E-B81A-2396FB010E44} = {D9611816-7F47-4FBE-B81B-813B263F4A9C}
		{40C6E224-53F8-487D-8FAC-BD0097D7F980} = {D9611816-7F47-4FBE-B81B-813B263F4A9C}
		{87B8C3C5-609F-46AC-9983-D1AF0CFB6014} = {E88B3DE0-841F-4B51-BF64-1EB3429A41C3}
		{51A13B90-177E-455C-B8C4-5F0A8F551CEE} = {E88B3DE0-841F-4B51-BF64-1EB3429A41C3}
		{160629D0-863A-4271-AB4C-F49A42B2D303} = {D9611816-7F47-4FBE-B81B-813B263F4A9C}
	EndGlobalSection
EndGlobal
